version = 1
requires-python = ">=3.9"

[[package]]
name = "black"
version = "24.10.0"
source = { registry = "https://pypi.org/simple" }
dependencies = [
    { name = "click" },
    { name = "mypy-extensions" },
    { name = "packaging" },
    { name = "pathspec" },
    { name = "platformdirs" },
    { name = "tomli", marker = "python_full_version < '3.11'" },
    { name = "typing-extensions", marker = "python_full_version < '3.11'" },
]
sdist = { url = "https://files.pythonhosted.org/packages/d8/0d/cc2fb42b8c50d80143221515dd7e4766995bd07c56c9a3ed30baf080b6dc/black-24.10.0.tar.gz", hash = "sha256:846ea64c97afe3bc677b761787993be4991810ecc7a4a937816dd6bddedc4875", size = 645813 }
wheels = [
    { url = "https://files.pythonhosted.org/packages/a3/f3/465c0eb5cddf7dbbfe1fecd9b875d1dcf51b88923cd2c1d7e9ab95c6336b/black-24.10.0-cp310-cp310-macosx_10_9_x86_64.whl", hash = "sha256:e6668650ea4b685440857138e5fe40cde4d652633b1bdffc62933d0db4ed9812", size = 1623211 },
    { url = "https://files.pythonhosted.org/packages/df/57/b6d2da7d200773fdfcc224ffb87052cf283cec4d7102fab450b4a05996d8/black-24.10.0-cp310-cp310-macosx_11_0_arm64.whl", hash = "sha256:1c536fcf674217e87b8cc3657b81809d3c085d7bf3ef262ead700da345bfa6ea", size = 1457139 },
    { url = "https://files.pythonhosted.org/packages/6e/c5/9023b7673904a5188f9be81f5e129fff69f51f5515655fbd1d5a4e80a47b/black-24.10.0-cp310-cp310-manylinux_2_17_x86_64.manylinux2014_x86_64.manylinux_2_28_x86_64.whl", hash = "sha256:649fff99a20bd06c6f727d2a27f401331dc0cc861fb69cde910fe95b01b5928f", size = 1753774 },
    { url = "https://files.pythonhosted.org/packages/e1/32/df7f18bd0e724e0d9748829765455d6643ec847b3f87e77456fc99d0edab/black-24.10.0-cp310-cp310-win_amd64.whl", hash = "sha256:fe4d6476887de70546212c99ac9bd803d90b42fc4767f058a0baa895013fbb3e", size = 1414209 },
    { url = "https://files.pythonhosted.org/packages/c2/cc/7496bb63a9b06a954d3d0ac9fe7a73f3bf1cd92d7a58877c27f4ad1e9d41/black-24.10.0-cp311-cp311-macosx_10_9_x86_64.whl", hash = "sha256:5a2221696a8224e335c28816a9d331a6c2ae15a2ee34ec857dcf3e45dbfa99ad", size = 1607468 },
    { url = "https://files.pythonhosted.org/packages/2b/e3/69a738fb5ba18b5422f50b4f143544c664d7da40f09c13969b2fd52900e0/black-24.10.0-cp311-cp311-macosx_11_0_arm64.whl", hash = "sha256:f9da3333530dbcecc1be13e69c250ed8dfa67f43c4005fb537bb426e19200d50", size = 1437270 },
    { url = "https://files.pythonhosted.org/packages/c9/9b/2db8045b45844665c720dcfe292fdaf2e49825810c0103e1191515fc101a/black-24.10.0-cp311-cp311-manylinux_2_17_x86_64.manylinux2014_x86_64.manylinux_2_28_x86_64.whl", hash = "sha256:4007b1393d902b48b36958a216c20c4482f601569d19ed1df294a496eb366392", size = 1737061 },
    { url = "https://files.pythonhosted.org/packages/a3/95/17d4a09a5be5f8c65aa4a361444d95edc45def0de887810f508d3f65db7a/black-24.10.0-cp311-cp311-win_amd64.whl", hash = "sha256:394d4ddc64782e51153eadcaaca95144ac4c35e27ef9b0a42e121ae7e57a9175", size = 1423293 },
    { url = "https://files.pythonhosted.org/packages/90/04/bf74c71f592bcd761610bbf67e23e6a3cff824780761f536512437f1e655/black-24.10.0-cp312-cp312-macosx_10_13_x86_64.whl", hash = "sha256:b5e39e0fae001df40f95bd8cc36b9165c5e2ea88900167bddf258bacef9bbdc3", size = 1644256 },
    { url = "https://files.pythonhosted.org/packages/4c/ea/a77bab4cf1887f4b2e0bce5516ea0b3ff7d04ba96af21d65024629afedb6/black-24.10.0-cp312-cp312-macosx_11_0_arm64.whl", hash = "sha256:d37d422772111794b26757c5b55a3eade028aa3fde43121ab7b673d050949d65", size = 1448534 },
    { url = "https://files.pythonhosted.org/packages/4e/3e/443ef8bc1fbda78e61f79157f303893f3fddf19ca3c8989b163eb3469a12/black-24.10.0-cp312-cp312-manylinux_2_17_x86_64.manylinux2014_x86_64.manylinux_2_28_x86_64.whl", hash = "sha256:14b3502784f09ce2443830e3133dacf2c0110d45191ed470ecb04d0f5f6fcb0f", size = 1761892 },
    { url = "https://files.pythonhosted.org/packages/52/93/eac95ff229049a6901bc84fec6908a5124b8a0b7c26ea766b3b8a5debd22/black-24.10.0-cp312-cp312-win_amd64.whl", hash = "sha256:30d2c30dc5139211dda799758559d1b049f7f14c580c409d6ad925b74a4208a8", size = 1434796 },
    { url = "https://files.pythonhosted.org/packages/d0/a0/a993f58d4ecfba035e61fca4e9f64a2ecae838fc9f33ab798c62173ed75c/black-24.10.0-cp313-cp313-macosx_10_13_x86_64.whl", hash = "sha256:1cbacacb19e922a1d75ef2b6ccaefcd6e93a2c05ede32f06a21386a04cedb981", size = 1643986 },
    { url = "https://files.pythonhosted.org/packages/37/d5/602d0ef5dfcace3fb4f79c436762f130abd9ee8d950fa2abdbf8bbc555e0/black-24.10.0-cp313-cp313-macosx_11_0_arm64.whl", hash = "sha256:1f93102e0c5bb3907451063e08b9876dbeac810e7da5a8bfb7aeb5a9ef89066b", size = 1448085 },
    { url = "https://files.pythonhosted.org/packages/47/6d/a3a239e938960df1a662b93d6230d4f3e9b4a22982d060fc38c42f45a56b/black-24.10.0-cp313-cp313-manylinux_2_17_x86_64.manylinux2014_x86_64.manylinux_2_28_x86_64.whl", hash = "sha256:ddacb691cdcdf77b96f549cf9591701d8db36b2f19519373d60d31746068dbf2", size = 1760928 },
    { url = "https://files.pythonhosted.org/packages/dd/cf/af018e13b0eddfb434df4d9cd1b2b7892bab119f7a20123e93f6910982e8/black-24.10.0-cp313-cp313-win_amd64.whl", hash = "sha256:680359d932801c76d2e9c9068d05c6b107f2584b2a5b88831c83962eb9984c1b", size = 1436875 },
    { url = "https://files.pythonhosted.org/packages/fe/02/f408c804e0ee78c367dcea0a01aedde4f1712af93b8b6e60df981e0228c7/black-24.10.0-cp39-cp39-macosx_10_9_x86_64.whl", hash = "sha256:17374989640fbca88b6a448129cd1745c5eb8d9547b464f281b251dd00155ccd", size = 1622516 },
    { url = "https://files.pythonhosted.org/packages/f8/b9/9b706ed2f55bfb28b436225a9c57da35990c9005b90b8c91f03924454ad7/black-24.10.0-cp39-cp39-macosx_11_0_arm64.whl", hash = "sha256:63f626344343083322233f175aaf372d326de8436f5928c042639a4afbbf1d3f", size = 1456181 },
    { url = "https://files.pythonhosted.org/packages/0a/1c/314d7f17434a5375682ad097f6f4cc0e3f414f3c95a9b1bb4df14a0f11f9/black-24.10.0-cp39-cp39-manylinux_2_17_x86_64.manylinux2014_x86_64.manylinux_2_28_x86_64.whl", hash = "sha256:ccfa1d0cb6200857f1923b602f978386a3a2758a65b52e0950299ea014be6800", size = 1752801 },
    { url = "https://files.pythonhosted.org/packages/39/a7/20e5cd9237d28ad0b31438de5d9f01c8b99814576f4c0cda1edd62caf4b0/black-24.10.0-cp39-cp39-win_amd64.whl", hash = "sha256:2cd9c95431d94adc56600710f8813ee27eea544dd118d45896bb734e9d7a0dc7", size = 1413626 },
    { url = "https://files.pythonhosted.org/packages/8d/a7/4b27c50537ebca8bec139b872861f9d2bf501c5ec51fcf897cb924d9e264/black-24.10.0-py3-none-any.whl", hash = "sha256:3bb2b7a1f7b685f85b11fed1ef10f8a9148bceb49853e47a294a3dd963c1dd7d", size = 206898 },
]

[[package]]
name = "click"
version = "8.1.7"
source = { registry = "https://pypi.org/simple" }
dependencies = [
    { name = "colorama", marker = "platform_system == 'Windows'" },
]
sdist = { url = "https://files.pythonhosted.org/packages/96/d3/f04c7bfcf5c1862a2a5b845c6b2b360488cf47af55dfa79c98f6a6bf98b5/click-8.1.7.tar.gz", hash = "sha256:ca9853ad459e787e2192211578cc907e7594e294c7ccc834310722b41b9ca6de", size = 336121 }
wheels = [
    { url = "https://files.pythonhosted.org/packages/00/2e/d53fa4befbf2cfa713304affc7ca780ce4fc1fd8710527771b58311a3229/click-8.1.7-py3-none-any.whl", hash = "sha256:ae74fb96c20a0277a1d615f1e4d73c8414f5a98db8b799a7931d1582f3390c28", size = 97941 },
]

[[package]]
name = "colorama"
version = "0.4.6"
source = { registry = "https://pypi.org/simple" }
sdist = { url = "https://files.pythonhosted.org/packages/d8/53/6f443c9a4a8358a93a6792e2acffb9d9d5cb0a5cfd8802644b7b1c9a02e4/colorama-0.4.6.tar.gz", hash = "sha256:08695f5cb7ed6e0531a20572697297273c47b8cae5a63ffc6d6ed5c201be6e44", size = 27697 }
wheels = [
    { url = "https://files.pythonhosted.org/packages/d1/d6/3965ed04c63042e047cb6a3e6ed1a63a35087b6a609aa3a15ed8ac56c221/colorama-0.4.6-py2.py3-none-any.whl", hash = "sha256:4f1d9991f5acc0ca119f9d443620b77f9d6b33703e51011c16baf57afb285fc6", size = 25335 },
]

[[package]]
name = "duckdb"
version = "1.1.2"
source = { registry = "https://pypi.org/simple" }
sdist = { url = "https://files.pythonhosted.org/packages/37/0c/6c6093fba60e5b8ac2abaee9b6a2b379e77419fe6102a36aa383944610fe/duckdb-1.1.2.tar.gz", hash = "sha256:c8232861dc8ec6daa29067056d5a0e5789919f2ab22ab792787616d7cd52f02a", size = 12237077 }
wheels = [
    { url = "https://files.pythonhosted.org/packages/60/1e/4a7073909ed10cc6fdc5a101267d09e52b57054af137c63fb7040536e3ae/duckdb-1.1.2-cp310-cp310-macosx_12_0_arm64.whl", hash = "sha256:91e7f99cf5cab1d26f92cb014429153497d805e79689baa44f4c4585a8cb243f", size = 15464881 },
    { url = "https://files.pythonhosted.org/packages/5d/f4/0c94ed5635b348f8f8f3a315d2139640239f3d9cca87768fe7591fecdd0b/duckdb-1.1.2-cp310-cp310-macosx_12_0_universal2.whl", hash = "sha256:0107de622fe208142a1108263a03c43956048dcc99be3702d8e5d2aeaf99554c", size = 32301705 },
    { url = "https://files.pythonhosted.org/packages/70/39/2fc821b1b587a6589d18c1c07665ff5b08cd2497ea39db2f047d13520bd4/duckdb-1.1.2-cp310-cp310-macosx_12_0_x86_64.whl", hash = "sha256:8a09610f780857677725897856f8cdf3cafd8a991f871e6cb8ba88b2dbc8d737", size = 16924272 },
    { url = "https://files.pythonhosted.org/packages/8d/09/913d4e5334d62ec57d0261589a775bc0870f90e919d26c511c6df3ac4067/duckdb-1.1.2-cp310-cp310-manylinux_2_17_aarch64.manylinux2014_aarch64.whl", hash = "sha256:c0f0ddac0482f0f3fece54d720d13819e82ae26c01a939ffa66a87be53f7f665", size = 18486251 },
    { url = "https://files.pythonhosted.org/packages/dd/33/1a38837b4b0fc1a33ff5e5e623cea053f24a33fbedacacd04ab2bae4d615/duckdb-1.1.2-cp310-cp310-manylinux_2_17_x86_64.manylinux2014_x86_64.whl", hash = "sha256:84103373e818758dfa361d27781d0f096553843c5ffb9193260a0786c5248270", size = 20140537 },
    { url = "https://files.pythonhosted.org/packages/36/ec/1339d8c3431c3c77d7f3f9272a66128e3535a5bff03fd47c40f179a1c3f2/duckdb-1.1.2-cp310-cp310-manylinux_2_24_aarch64.manylinux_2_28_aarch64.whl", hash = "sha256:bfdfd23e2bf58014ad0673973bd0ed88cd048dfe8e82420814a71d7d52ef2288", size = 18283601 },
    { url = "https://files.pythonhosted.org/packages/4d/ae/90ecc2f4391a96851dc7e69e442dd5f69501394088006d00209f4785d0fb/duckdb-1.1.2-cp310-cp310-musllinux_1_2_x86_64.whl", hash = "sha256:25889e6e29b87047b1dd56385ac08156e4713c59326cc6fff89657d01b2c417b", size = 21598783 },
    { url = "https://files.pythonhosted.org/packages/54/e0/e611af7f72c6fbe0ff9d0440134139b94f1ed144a3d4d7841b545b3f205e/duckdb-1.1.2-cp310-cp310-win_amd64.whl", hash = "sha256:312570fa5277c3079de18388b86c2d87cbe1044838bb152b235c0227581d5d42", size = 10950443 },
    { url = "https://files.pythonhosted.org/packages/96/23/fe7cc36ac4db1fd3b6433a698096ea14128d8e76b633d68425a062d35ac7/duckdb-1.1.2-cp311-cp311-macosx_12_0_arm64.whl", hash = "sha256:568439ea4fce8cb72ec1f767cd510686a9e7e29a011fc7c56d990059a6e94e48", size = 15467057 },
    { url = "https://files.pythonhosted.org/packages/d2/ca/220fccba2220d62c4d64264cc960fcfde083e71b98721144b889b2aab914/duckdb-1.1.2-cp311-cp311-macosx_12_0_universal2.whl", hash = "sha256:74974f2d7210623a5d61b1fb0cb589c6e5ffcbf7dbb757a04c5ba24adcfc8cac", size = 32308152 },
    { url = "https://files.pythonhosted.org/packages/c0/9a/4a79edab02cd5070b3fe581385c703cd591e26a74c4b0222225aec499d74/duckdb-1.1.2-cp311-cp311-macosx_12_0_x86_64.whl", hash = "sha256:e26422a3358c816d764639070945b73eef55d1b4df990989e3492c85ef725c21", size = 16926668 },
    { url = "https://files.pythonhosted.org/packages/21/98/d785e3a845ee06c2138baaa1699486f31aec467cda5a2e1d57b70a8d185b/duckdb-1.1.2-cp311-cp311-manylinux_2_17_aarch64.manylinux2014_aarch64.whl", hash = "sha256:87e972bd452eeeab197fe39dcaeecdb7c264b1f75a0ee67e532e235fe45b84df", size = 18490749 },
    { url = "https://files.pythonhosted.org/packages/b9/91/f09147562d7d70ea985c632321daaa86746088fa68ca9d3e42cddeed60ef/duckdb-1.1.2-cp311-cp311-manylinux_2_17_x86_64.manylinux2014_x86_64.whl", hash = "sha256:9a6b73e70b73c8df85da383f6e557c03cad5c877868b9a7e41715761e8166c1e", size = 20144525 },
    { url = "https://files.pythonhosted.org/packages/0e/a4/da374d7c8ee777ccb70f751492e0a459123313e4c9784eedc9aea8676dc4/duckdb-1.1.2-cp311-cp311-manylinux_2_24_aarch64.manylinux_2_28_aarch64.whl", hash = "sha256:623cb1952466aae5907af84107bcdec25a5ca021a8b6441e961f41edc724f6f2", size = 18286202 },
    { url = "https://files.pythonhosted.org/packages/67/48/e62a17c7ad31ec6af2fbeb026df8a27c8839883dccbf1d8ea9c8e5c89db3/duckdb-1.1.2-cp311-cp311-musllinux_1_2_x86_64.whl", hash = "sha256:d9fc0b550f96901fa7e76dc70a13f6477ad3e18ef1cb21d414c3a5569de3f27e", size = 21601216 },
    { url = "https://files.pythonhosted.org/packages/03/97/7678626c03317ff3004e066223eef8304adf534e5bf77388c9cd8560f637/duckdb-1.1.2-cp311-cp311-win_amd64.whl", hash = "sha256:181edb1973bd8f493bcb6ecfa035f1a592dff4667758592f300619012ba251c0", size = 10951571 },
    { url = "https://files.pythonhosted.org/packages/8d/c6/946a714a4aa285aeeec74ac827eeb37c9b29102c2c1c27a1a98cb2cc7c9d/duckdb-1.1.2-cp312-cp312-macosx_12_0_arm64.whl", hash = "sha256:83372b1b411086cac01ab2071122772fa66170b1b41ddbc37527464066083668", size = 15471960 },
    { url = "https://files.pythonhosted.org/packages/97/a8/e346d35d51fef06018485386a02ba68e1777bdecca06ea3d1251559af35f/duckdb-1.1.2-cp312-cp312-macosx_12_0_universal2.whl", hash = "sha256:db37441deddfee6ac35a0c742d2f9e90e4e50b9e76d586a060d122b8fc56dada", size = 32343109 },
    { url = "https://files.pythonhosted.org/packages/8c/00/6ec504a8a41d296c0b2cccdde730ff974a9620b275917de3746b31f46866/duckdb-1.1.2-cp312-cp312-macosx_12_0_x86_64.whl", hash = "sha256:19142a77e72874aeaa6fda30aeb13612c6de5e8c60fbcc3392cea6ef0694eeaf", size = 16947327 },
    { url = "https://files.pythonhosted.org/packages/0b/b6/f60be01d29b87d4497dd9eed0e82a89859ac5a772030645a9b2728ab73eb/duckdb-1.1.2-cp312-cp312-manylinux_2_17_aarch64.manylinux2014_aarch64.whl", hash = "sha256:099d99dd48d6e4682a3dd6233ceab73d977ebe1a87afaac54cf77c844e24514a", size = 18485234 },
    { url = "https://files.pythonhosted.org/packages/c2/28/ecc5f8ab0e7b2b00e2b8a3385f0a3d0bcdecdfef44719fcdc32e744ac6f1/duckdb-1.1.2-cp312-cp312-manylinux_2_17_x86_64.manylinux2014_x86_64.whl", hash = "sha256:be86e586ca7af7e807f72479a2b8d0983565360b19dbda4ef8a9d7b3909b8e2c", size = 20141584 },
    { url = "https://files.pythonhosted.org/packages/48/e1/d6e4abbdf20b498f78ddb4e66ef2689318bac4f35a3c71a461e1a22ea3ca/duckdb-1.1.2-cp312-cp312-manylinux_2_24_aarch64.manylinux_2_28_aarch64.whl", hash = "sha256:578e0953e4d8ba8da0cd69fb2930c45f51ce47d213b77d8a4cd461f9c0960b87", size = 18286704 },
    { url = "https://files.pythonhosted.org/packages/7b/ec/4beb866ced0e0db8e998530c0df841881fe7c26e4cc52baf909911852529/duckdb-1.1.2-cp312-cp312-musllinux_1_2_x86_64.whl", hash = "sha256:72b5eb5762c1a5e68849c7143f3b3747a9f15c040e34e41559f233a1569ad16f", size = 21612773 },
    { url = "https://files.pythonhosted.org/packages/19/30/6c1ad1c3db49be118a42565b524b359aabdce2e1ea56138e0252a6f69f7a/duckdb-1.1.2-cp312-cp312-win_amd64.whl", hash = "sha256:9b4c6b6a08180261d98330d97355503961a25ca31cd9ef296e0681f7895b4a2c", size = 10953379 },
    { url = "https://files.pythonhosted.org/packages/11/15/0ea64233ef3a9eb2cf1b276c2dd5f29e80f35f7a903ebc168b4c6a099bbf/duckdb-1.1.2-cp313-cp313-macosx_12_0_arm64.whl", hash = "sha256:695dcbc561374b126e86659709feadf883c9969ed718e94713edd4ba15d16619", size = 15472119 },
    { url = "https://files.pythonhosted.org/packages/4d/2a/aea827229c4d2da5896f46619bc6ad3cf4c8c7e72ffc0c4f68ffc73989e1/duckdb-1.1.2-cp313-cp313-macosx_12_0_universal2.whl", hash = "sha256:ada29be1e889f486c6cf1f6dffd15463e748faf361f33996f2e862779edc24a9", size = 32343664 },
    { url = "https://files.pythonhosted.org/packages/06/b4/ef938871fb90762702f7120b572d16a1f71ab8d1bad5cbd171d9eb8820a5/duckdb-1.1.2-cp313-cp313-macosx_12_0_x86_64.whl", hash = "sha256:6ca722738fa9eb6218619740631de29acfdd132de6f6a6350fee5e291c2f6117", size = 16947866 },
    { url = "https://files.pythonhosted.org/packages/8e/eb/54f4f95fb709c456e2b90c2a68e6c3b55f2b45000c1acd01fe5669f5f23c/duckdb-1.1.2-cp313-cp313-manylinux_2_17_aarch64.manylinux2014_aarch64.whl", hash = "sha256:c796d33f1e5a0c8c570d22da0c0b1db8578687e427029e1ce2c8ce3f9fffa6a3", size = 18486824 },
    { url = "https://files.pythonhosted.org/packages/f1/7b/b5194ec90ff8070fe24721542d78b6293e9087df2cc14fa7552077806f1b/duckdb-1.1.2-cp313-cp313-manylinux_2_17_x86_64.manylinux2014_x86_64.whl", hash = "sha256:f5c0996988a70dd3bc8111d9b9aeab7e38ed1999a52607c5f1b528e362b4dd1c", size = 20142187 },
    { url = "https://files.pythonhosted.org/packages/69/cb/b36b871df43d39ab14941f5936205d15a5d302295daa9dab2c3c7aae3ccc/duckdb-1.1.2-cp313-cp313-manylinux_2_24_aarch64.manylinux_2_28_aarch64.whl", hash = "sha256:6c37b039f6d6fed14d89450f5ccf54922b3304192d7412e12d6cc8d9e757f7a2", size = 18287193 },
    { url = "https://files.pythonhosted.org/packages/e6/26/0d3ad1790c543923027ea20aff987c66049163331d77326d2953a03a3b52/duckdb-1.1.2-cp313-cp313-musllinux_1_2_x86_64.whl", hash = "sha256:e8c766b87f675c76d6d17103bf6fb9fb1a9e2fcb3d9b25c28bbc634bde31223e", size = 21611680 },
    { url = "https://files.pythonhosted.org/packages/c8/2f/b81d855287b8bb44da1454a0d6e154dcd0e40f1c3654d120002cbde31479/duckdb-1.1.2-cp313-cp313-win_amd64.whl", hash = "sha256:e3e6300b7ccaf64b609f4f0780a6e1d25ab8cf34cceed46e62c35b6c4c5cb63b", size = 10953563 },
    { url = "https://files.pythonhosted.org/packages/75/6a/ef6cf334680543f1d9ead39fbea8950bf4cd91c4612dd32c33ac4c82fe55/duckdb-1.1.2-cp39-cp39-macosx_12_0_arm64.whl", hash = "sha256:f87edaf20001530e63a4f7bda13b55dc3152d7171226915f2bf34e0813c8759e", size = 15464477 },
    { url = "https://files.pythonhosted.org/packages/0a/38/0154b948a48ca5ea63ae0a748dfc840cd1c8f689d47669eda9dcb50be5e4/duckdb-1.1.2-cp39-cp39-macosx_12_0_universal2.whl", hash = "sha256:efec169b3fe0b821e3207ba3e445f227d42dd62b4440ff79c37fa168a4fc5a71", size = 32299955 },
    { url = "https://files.pythonhosted.org/packages/b1/a8/8d3ea109ce5dbb6852192e281063faf93a3dfd88371df92515d212d7d86a/duckdb-1.1.2-cp39-cp39-macosx_12_0_x86_64.whl", hash = "sha256:89164a2d29d56605a95ee5032aa415dd487028c4fd3e06d971497840e74c56e7", size = 16923351 },
    { url = "https://files.pythonhosted.org/packages/1b/9d/c26e26b133f5d99254daeaaec3f7df1cc5cb62d42abf05fd0c63e9e354e7/duckdb-1.1.2-cp39-cp39-manylinux_2_17_aarch64.manylinux2014_aarch64.whl", hash = "sha256:6858e10c60ff7e70e61d3dd53d2545c8b2609942e45fd6de38cd0dee52932de3", size = 18485549 },
    { url = "https://files.pythonhosted.org/packages/48/9a/1029a2ec5b6755341372834675dd511c4f49e634d5ef312fa8e671c5b3f9/duckdb-1.1.2-cp39-cp39-manylinux_2_17_x86_64.manylinux2014_x86_64.whl", hash = "sha256:7ca967c5a57b1d0cb0fd5e539ab24110e5a59dcbedd365bb2dc80533d6e44a8d", size = 20140854 },
    { url = "https://files.pythonhosted.org/packages/d5/03/1426eb0664d59b646a801ae50e79e1c84f63e47241708df905143c0db7f3/duckdb-1.1.2-cp39-cp39-manylinux_2_24_aarch64.manylinux_2_28_aarch64.whl", hash = "sha256:4ce949f1d7999aa6a046eb64067eee41d4c5c2872ba4fa408c9947742d0c7231", size = 18283998 },
    { url = "https://files.pythonhosted.org/packages/7e/1a/156702b6b067cf776ca3454b5d64d01eb177cef571f117564afa54696b23/duckdb-1.1.2-cp39-cp39-musllinux_1_2_x86_64.whl", hash = "sha256:9ba6d1f918e6ca47a368a0c32806016405cb9beb2c245806b0ca998f569d2bdf", size = 21575309 },
    { url = "https://files.pythonhosted.org/packages/f0/e0/68fd444f17d34b2c85e1de33d74af3df4b102dd460626a5949f0daeb5377/duckdb-1.1.2-cp39-cp39-win_amd64.whl", hash = "sha256:7111fd3e7b334a7be383313ce29918b7c643e4f6ef44d6d63c3ab3fa6716c114", size = 10984557 },
]

[[package]]
name = "duckdb-appender"
version = "0.2.0"
source = { virtual = "." }
dependencies = [
    { name = "duckdb" },
]

[package.dev-dependencies]
dev = [
    { name = "black" },
    { name = "pytest" },
    { name = "pytz" },
]

[package.metadata]
requires-dist = [{ name = "duckdb", specifier = ">=1.0.0" }]

[package.metadata.requires-dev]
dev = [
    { name = "black", specifier = ">=24.10.0" },
    { name = "pytest", specifier = ">=8.3.3" },
    { name = "pytz", specifier = ">=2024.2" },
]

[[package]]
name = "exceptiongroup"
version = "1.2.2"
source = { registry = "https://pypi.org/simple" }
sdist = { url = "https://files.pythonhosted.org/packages/09/35/2495c4ac46b980e4ca1f6ad6db102322ef3ad2410b79fdde159a4b0f3b92/exceptiongroup-1.2.2.tar.gz", hash = "sha256:47c2edf7c6738fafb49fd34290706d1a1a2f4d1c6df275526b62cbb4aa5393cc", size = 28883 }
wheels = [
    { url = "https://files.pythonhosted.org/packages/02/cc/b7e31358aac6ed1ef2bb790a9746ac2c69bcb3c8588b41616914eb106eaf/exceptiongroup-1.2.2-py3-none-any.whl", hash = "sha256:3111b9d131c238bec2f8f516e123e14ba243563fb135d3fe885990585aa7795b", size = 16453 },
]

[[package]]
name = "iniconfig"
version = "2.0.0"
source = { registry = "https://pypi.org/simple" }
sdist = { url = "https://files.pythonhosted.org/packages/d7/4b/cbd8e699e64a6f16ca3a8220661b5f83792b3017d0f79807cb8708d33913/iniconfig-2.0.0.tar.gz", hash = "sha256:2d91e135bf72d31a410b17c16da610a82cb55f6b0477d1a902134b24a455b8b3", size = 4646 }
wheels = [
    { url = "https://files.pythonhosted.org/packages/ef/a6/62565a6e1cf69e10f5727360368e451d4b7f58beeac6173dc9db836a5b46/iniconfig-2.0.0-py3-none-any.whl", hash = "sha256:b6a85871a79d2e3b22d2d1b94ac2824226a63c6b741c88f7ae975f18b6778374", size = 5892 },
]

[[package]]
name = "mypy-extensions"
version = "1.0.0"
source = { registry = "https://pypi.org/simple" }
sdist = { url = "https://files.pythonhosted.org/packages/98/a4/1ab47638b92648243faf97a5aeb6ea83059cc3624972ab6b8d2316078d3f/mypy_extensions-1.0.0.tar.gz", hash = "sha256:75dbf8955dc00442a438fc4d0666508a9a97b6bd41aa2f0ffe9d2f2725af0782", size = 4433 }
wheels = [
    { url = "https://files.pythonhosted.org/packages/2a/e2/5d3f6ada4297caebe1a2add3b126fe800c96f56dbe5d1988a2cbe0b267aa/mypy_extensions-1.0.0-py3-none-any.whl", hash = "sha256:4392f6c0eb8a5668a69e23d168ffa70f0be9ccfd32b5cc2d26a34ae5b844552d", size = 4695 },
]

[[package]]
name = "packaging"
version = "24.1"
source = { registry = "https://pypi.org/simple" }
sdist = { url = "https://files.pythonhosted.org/packages/51/65/50db4dda066951078f0a96cf12f4b9ada6e4b811516bf0262c0f4f7064d4/packaging-24.1.tar.gz", hash = "sha256:026ed72c8ed3fcce5bf8950572258698927fd1dbda10a5e981cdf0ac37f4f002", size = 148788 }
wheels = [
    { url = "https://files.pythonhosted.org/packages/08/aa/cc0199a5f0ad350994d660967a8efb233fe0416e4639146c089643407ce6/packaging-24.1-py3-none-any.whl", hash = "sha256:5b8f2217dbdbd2f7f384c41c628544e6d52f2d0f53c6d0c3ea61aa5d1d7ff124", size = 53985 },
]

[[package]]
name = "pathspec"
version = "0.12.1"
source = { registry = "https://pypi.org/simple" }
sdist = { url = "https://files.pythonhosted.org/packages/ca/bc/f35b8446f4531a7cb215605d100cd88b7ac6f44ab3fc94870c120ab3adbf/pathspec-0.12.1.tar.gz", hash = "sha256:a482d51503a1ab33b1c67a6c3813a26953dbdc71c31dacaef9a838c4e29f5712", size = 51043 }
wheels = [
    { url = "https://files.pythonhosted.org/packages/cc/20/ff623b09d963f88bfde16306a54e12ee5ea43e9b597108672ff3a408aad6/pathspec-0.12.1-py3-none-any.whl", hash = "sha256:a0d503e138a4c123b27490a4f7beda6a01c6f288df0e4a8b79c7eb0dc7b4cc08", size = 31191 },
]

[[package]]
name = "platformdirs"
version = "4.3.6"
source = { registry = "https://pypi.org/simple" }
sdist = { url = "https://files.pythonhosted.org/packages/13/fc/128cc9cb8f03208bdbf93d3aa862e16d376844a14f9a0ce5cf4507372de4/platformdirs-4.3.6.tar.gz", hash = "sha256:357fb2acbc885b0419afd3ce3ed34564c13c9b95c89360cd9563f73aa5e2b907", size = 21302 }
wheels = [
    { url = "https://files.pythonhosted.org/packages/3c/a6/bc1012356d8ece4d66dd75c4b9fc6c1f6650ddd5991e421177d9f8f671be/platformdirs-4.3.6-py3-none-any.whl", hash = "sha256:73e575e1408ab8103900836b97580d5307456908a03e92031bab39e4554cc3fb", size = 18439 },
]

[[package]]
name = "pluggy"
version = "1.5.0"
source = { registry = "https://pypi.org/simple" }
sdist = { url = "https://files.pythonhosted.org/packages/96/2d/02d4312c973c6050a18b314a5ad0b3210edb65a906f868e31c111dede4a6/pluggy-1.5.0.tar.gz", hash = "sha256:2cffa88e94fdc978c4c574f15f9e59b7f4201d439195c3715ca9e2486f1d0cf1", size = 67955 }
wheels = [
    { url = "https://files.pythonhosted.org/packages/88/5f/e351af9a41f866ac3f1fac4ca0613908d9a41741cfcf2228f4ad853b697d/pluggy-1.5.0-py3-none-any.whl", hash = "sha256:44e1ad92c8ca002de6377e165f3e0f1be63266ab4d554740532335b9d75ea669", size = 20556 },
]

[[package]]
name = "pytest"
version = "8.3.3"
source = { registry = "https://pypi.org/simple" }
dependencies = [
    { name = "colorama", marker = "sys_platform == 'win32'" },
    { name = "exceptiongroup", marker = "python_full_version < '3.11'" },
    { name = "iniconfig" },
    { name = "packaging" },
    { name = "pluggy" },
    { name = "tomli", marker = "python_full_version < '3.11'" },
]
sdist = { url = "https://files.pythonhosted.org/packages/8b/6c/62bbd536103af674e227c41a8f3dcd022d591f6eed5facb5a0f31ee33bbc/pytest-8.3.3.tar.gz", hash = "sha256:70b98107bd648308a7952b06e6ca9a50bc660be218d53c257cc1fc94fda10181", size = 1442487 }
wheels = [
    { url = "https://files.pythonhosted.org/packages/6b/77/7440a06a8ead44c7757a64362dd22df5760f9b12dc5f11b6188cd2fc27a0/pytest-8.3.3-py3-none-any.whl", hash = "sha256:a6853c7375b2663155079443d2e45de913a911a11d669df02a50814944db57b2", size = 342341 },
]

[[package]]
name = "pytz"
version = "2024.2"
source = { registry = "https://pypi.org/simple" }
sdist = { url = "https://files.pythonhosted.org/packages/3a/31/3c70bf7603cc2dca0f19bdc53b4537a797747a58875b552c8c413d963a3f/pytz-2024.2.tar.gz", hash = "sha256:2aa355083c50a0f93fa581709deac0c9ad65cca8a9e9beac660adcbd493c798a", size = 319692 }
wheels = [
    { url = "https://files.pythonhosted.org/packages/11/c3/005fcca25ce078d2cc29fd559379817424e94885510568bc1bc53d7d5846/pytz-2024.2-py2.py3-none-any.whl", hash = "sha256:31c7c1817eb7fae7ca4b8c7ee50c72f93aa2dd863de768e1ef4245d426aa0725", size = 508002 },
]

[[package]]
name = "tomli"
version = "2.1.0"
source = { registry = "https://pypi.org/simple" }
sdist = { url = "https://files.pythonhosted.org/packages/1e/e4/1b6cbcc82d8832dd0ce34767d5c560df8a3547ad8cbc427f34601415930a/tomli-2.1.0.tar.gz", hash = "sha256:3f646cae2aec94e17d04973e4249548320197cfabdf130015d023de4b74d8ab8", size = 16622 }
wheels = [
    { url = "https://files.pythonhosted.org/packages/de/f7/4da0ffe1892122c9ea096c57f64c2753ae5dd3ce85488802d11b0992cc6d/tomli-2.1.0-py3-none-any.whl", hash = "sha256:a5c57c3d1c56f5ccdf89f6523458f60ef716e210fc47c4cfb188c5ba473e0391", size = 13750 },
]

[[package]]
name = "typing-extensions"
version = "4.12.2"
source = { registry = "https://pypi.org/simple" }
sdist = { url = "https://files.pythonhosted.org/packages/df/db/f35a00659bc03fec321ba8bce9420de607a1d37f8342eee1863174c69557/typing_extensions-4.12.2.tar.gz", hash = "sha256:1a7ead55c7e559dd4dee8856e3a88b41225abfe1ce8df57b7c13915fe121ffb8", size = 85321 }
wheels = [
    { url = "https://files.pythonhosted.org/packages/26/9f/ad63fc0248c5379346306f8668cda6e2e2e9c95e01216d2b8ffd9ff037d0/typing_extensions-4.12.2-py3-none-any.whl", hash = "sha256:04e5ca0351e0f3f85c6853954072df659d0d13fac324d0072316b67d7794700d", size = 37438 },
]
